// !$*UTF8*$!
{
	archiveVersion = 1;
	classes = {
	};
	objectVersion = 46;
	objects = {

/* Begin PBXBuildFile section */
		3A16E214154FF1B30029C11C /* Foundation.framework in Frameworks */ = {isa = PBXBuildFile; fileRef = 3A16E213154FF1B30029C11C /* Foundation.framework */; };
		3A16E216154FF1B30029C11C /* UIKit.framework in Frameworks */ = {isa = PBXBuildFile; fileRef = 3A16E215154FF1B30029C11C /* UIKit.framework */; };
		3A16E218154FF1B30029C11C /* CoreGraphics.framework in Frameworks */ = {isa = PBXBuildFile; fileRef = 3A16E217154FF1B30029C11C /* CoreGraphics.framework */; };
		3A16E21A154FF1B30029C11C /* AddressBook.framework in Frameworks */ = {isa = PBXBuildFile; fileRef = 3A16E219154FF1B30029C11C /* AddressBook.framework */; };
		3A16E21C154FF1B30029C11C /* AddressBookUI.framework in Frameworks */ = {isa = PBXBuildFile; fileRef = 3A16E21B154FF1B30029C11C /* AddressBookUI.framework */; };
		3A16E21E154FF1B30029C11C /* AudioToolbox.framework in Frameworks */ = {isa = PBXBuildFile; fileRef = 3A16E21D154FF1B30029C11C /* AudioToolbox.framework */; };
		3A16E220154FF1B30029C11C /* AVFoundation.framework in Frameworks */ = {isa = PBXBuildFile; fileRef = 3A16E21F154FF1B30029C11C /* AVFoundation.framework */; };
		3A16E222154FF1B30029C11C /* CoreLocation.framework in Frameworks */ = {isa = PBXBuildFile; fileRef = 3A16E221154FF1B30029C11C /* CoreLocation.framework */; };
		3A16E224154FF1B30029C11C /* MediaPlayer.framework in Frameworks */ = {isa = PBXBuildFile; fileRef = 3A16E223154FF1B30029C11C /* MediaPlayer.framework */; };
		3A16E226154FF1B30029C11C /* QuartzCore.framework in Frameworks */ = {isa = PBXBuildFile; fileRef = 3A16E225154FF1B30029C11C /* QuartzCore.framework */; };
		3A16E228154FF1B30029C11C /* SystemConfiguration.framework in Frameworks */ = {isa = PBXBuildFile; fileRef = 3A16E227154FF1B30029C11C /* SystemConfiguration.framework */; };
		3A16E22A154FF1B30029C11C /* MobileCoreServices.framework in Frameworks */ = {isa = PBXBuildFile; fileRef = 3A16E229154FF1B30029C11C /* MobileCoreServices.framework */; };
		3A16E22C154FF1B30029C11C /* CoreMedia.framework in Frameworks */ = {isa = PBXBuildFile; fileRef = 3A16E22B154FF1B30029C11C /* CoreMedia.framework */; };
		3A16E232154FF1B30029C11C /* InfoPlist.strings in Resources */ = {isa = PBXBuildFile; fileRef = 3A16E230154FF1B30029C11C /* InfoPlist.strings */; };
		3A16E234154FF1B30029C11C /* main.m in Sources */ = {isa = PBXBuildFile; fileRef = 3A16E233154FF1B30029C11C /* main.m */; };
		3A16E237154FF1B30029C11C /* Cordova.framework in Frameworks */ = {isa = PBXBuildFile; fileRef = 3A16E236154FF1B30029C11C /* Cordova.framework */; };
		3A16E23C154FF1B30029C11C /* Localizable.strings in Resources */ = {isa = PBXBuildFile; fileRef = 3A16E23A154FF1B30029C11C /* Localizable.strings */; };
		3A16E240154FF1B30029C11C /* Localizable.strings in Resources */ = {isa = PBXBuildFile; fileRef = 3A16E23E154FF1B30029C11C /* Localizable.strings */; };
		3A16E244154FF1B30029C11C /* Localizable.strings in Resources */ = {isa = PBXBuildFile; fileRef = 3A16E242154FF1B30029C11C /* Localizable.strings */; };
		3A16E248154FF1B30029C11C /* Localizable.strings in Resources */ = {isa = PBXBuildFile; fileRef = 3A16E246154FF1B30029C11C /* Localizable.strings */; };
		3A16E24B154FF1B40029C11C /* icon.png in Resources */ = {isa = PBXBuildFile; fileRef = 3A16E24A154FF1B40029C11C /* icon.png */; };
		3A16E24D154FF1B40029C11C /* icon@2x.png in Resources */ = {isa = PBXBuildFile; fileRef = 3A16E24C154FF1B40029C11C /* icon@2x.png */; };
		3A16E24F154FF1B40029C11C /* icon-72.png in Resources */ = {isa = PBXBuildFile; fileRef = 3A16E24E154FF1B40029C11C /* icon-72.png */; };
		3A16E252154FF1B40029C11C /* Default.png in Resources */ = {isa = PBXBuildFile; fileRef = 3A16E251154FF1B40029C11C /* Default.png */; };
		3A16E254154FF1B40029C11C /* Default@2x.png in Resources */ = {isa = PBXBuildFile; fileRef = 3A16E253154FF1B40029C11C /* Default@2x.png */; };
		3A16E256154FF1B40029C11C /* Capture.bundle in Resources */ = {isa = PBXBuildFile; fileRef = 3A16E255154FF1B40029C11C /* Capture.bundle */; };
		3A16E258154FF1B40029C11C /* Cordova.plist in Resources */ = {isa = PBXBuildFile; fileRef = 3A16E257154FF1B40029C11C /* Cordova.plist */; };
		3A16E25C154FF1B40029C11C /* AppDelegate.m in Sources */ = {isa = PBXBuildFile; fileRef = 3A16E25B154FF1B40029C11C /* AppDelegate.m */; };
		3A16E25F154FF1B40029C11C /* MainViewController.m in Sources */ = {isa = PBXBuildFile; fileRef = 3A16E25E154FF1B40029C11C /* MainViewController.m */; };
		3A16E261154FF1B40029C11C /* MainViewController.xib in Resources */ = {isa = PBXBuildFile; fileRef = 3A16E260154FF1B40029C11C /* MainViewController.xib */; };
		3A16E265154FF1B40029C11C /* verify.sh in Resources */ = {isa = PBXBuildFile; fileRef = 3A16E264154FF1B40029C11C /* verify.sh */; };
		3A16E26C154FF2070029C11C /* www in Resources */ = {isa = PBXBuildFile; fileRef = 3A16E26B154FF2070029C11C /* www */; };
/* End PBXBuildFile section */

/* Begin PBXFileReference section */
		3A16E20F154FF1B30029C11C /* KitchenSink.app */ = {isa = PBXFileReference; explicitFileType = wrapper.application; includeInIndex = 0; path = KitchenSink.app; sourceTree = BUILT_PRODUCTS_DIR; };
		3A16E213154FF1B30029C11C /* Foundation.framework */ = {isa = PBXFileReference; lastKnownFileType = wrapper.framework; name = Foundation.framework; path = System/Library/Frameworks/Foundation.framework; sourceTree = SDKROOT; };
		3A16E215154FF1B30029C11C /* UIKit.framework */ = {isa = PBXFileReference; lastKnownFileType = wrapper.framework; name = UIKit.framework; path = System/Library/Frameworks/UIKit.framework; sourceTree = SDKROOT; };
		3A16E217154FF1B30029C11C /* CoreGraphics.framework */ = {isa = PBXFileReference; lastKnownFileType = wrapper.framework; name = CoreGraphics.framework; path = System/Library/Frameworks/CoreGraphics.framework; sourceTree = SDKROOT; };
		3A16E219154FF1B30029C11C /* AddressBook.framework */ = {isa = PBXFileReference; lastKnownFileType = wrapper.framework; name = AddressBook.framework; path = System/Library/Frameworks/AddressBook.framework; sourceTree = SDKROOT; };
		3A16E21B154FF1B30029C11C /* AddressBookUI.framework */ = {isa = PBXFileReference; lastKnownFileType = wrapper.framework; name = AddressBookUI.framework; path = System/Library/Frameworks/AddressBookUI.framework; sourceTree = SDKROOT; };
		3A16E21D154FF1B30029C11C /* AudioToolbox.framework */ = {isa = PBXFileReference; lastKnownFileType = wrapper.framework; name = AudioToolbox.framework; path = System/Library/Frameworks/AudioToolbox.framework; sourceTree = SDKROOT; };
		3A16E21F154FF1B30029C11C /* AVFoundation.framework */ = {isa = PBXFileReference; lastKnownFileType = wrapper.framework; name = AVFoundation.framework; path = System/Library/Frameworks/AVFoundation.framework; sourceTree = SDKROOT; };
		3A16E221154FF1B30029C11C /* CoreLocation.framework */ = {isa = PBXFileReference; lastKnownFileType = wrapper.framework; name = CoreLocation.framework; path = System/Library/Frameworks/CoreLocation.framework; sourceTree = SDKROOT; };
		3A16E223154FF1B30029C11C /* MediaPlayer.framework */ = {isa = PBXFileReference; lastKnownFileType = wrapper.framework; name = MediaPlayer.framework; path = System/Library/Frameworks/MediaPlayer.framework; sourceTree = SDKROOT; };
		3A16E225154FF1B30029C11C /* QuartzCore.framework */ = {isa = PBXFileReference; lastKnownFileType = wrapper.framework; name = QuartzCore.framework; path = System/Library/Frameworks/QuartzCore.framework; sourceTree = SDKROOT; };
		3A16E227154FF1B30029C11C /* SystemConfiguration.framework */ = {isa = PBXFileReference; lastKnownFileType = wrapper.framework; name = SystemConfiguration.framework; path = System/Library/Frameworks/SystemConfiguration.framework; sourceTree = SDKROOT; };
		3A16E229154FF1B30029C11C /* MobileCoreServices.framework */ = {isa = PBXFileReference; lastKnownFileType = wrapper.framework; name = MobileCoreServices.framework; path = System/Library/Frameworks/MobileCoreServices.framework; sourceTree = SDKROOT; };
		3A16E22B154FF1B30029C11C /* CoreMedia.framework */ = {isa = PBXFileReference; lastKnownFileType = wrapper.framework; name = CoreMedia.framework; path = System/Library/Frameworks/CoreMedia.framework; sourceTree = SDKROOT; };
		3A16E22F154FF1B30029C11C /* KitchenSink-Info.plist */ = {isa = PBXFileReference; lastKnownFileType = text.plist.xml; path = "KitchenSink-Info.plist"; sourceTree = "<group>"; };
		3A16E231154FF1B30029C11C /* en */ = {isa = PBXFileReference; lastKnownFileType = text.plist.strings; name = en; path = en.lproj/InfoPlist.strings; sourceTree = "<group>"; };
		3A16E233154FF1B30029C11C /* main.m */ = {isa = PBXFileReference; lastKnownFileType = sourcecode.c.objc; path = main.m; sourceTree = "<group>"; };
		3A16E235154FF1B30029C11C /* KitchenSink-Prefix.pch */ = {isa = PBXFileReference; lastKnownFileType = sourcecode.c.h; path = "KitchenSink-Prefix.pch"; sourceTree = "<group>"; };
		3A16E236154FF1B30029C11C /* Cordova.framework */ = {isa = PBXFileReference; lastKnownFileType = wrapper.framework; name = Cordova.framework; path = /Users/Shared/Cordova/Frameworks/Cordova.framework; sourceTree = "<absolute>"; };
		3A16E23B154FF1B30029C11C /* en */ = {isa = PBXFileReference; lastKnownFileType = text.plist.strings; name = en; path = Resources/en.lproj/Localizable.strings; sourceTree = "<group>"; };
		3A16E23F154FF1B30029C11C /* es */ = {isa = PBXFileReference; lastKnownFileType = text.plist.strings; name = es; path = Resources/es.lproj/Localizable.strings; sourceTree = "<group>"; };
		3A16E243154FF1B30029C11C /* de */ = {isa = PBXFileReference; lastKnownFileType = text.plist.strings; name = de; path = Resources/de.lproj/Localizable.strings; sourceTree = "<group>"; };
		3A16E247154FF1B30029C11C /* se */ = {isa = PBXFileReference; lastKnownFileType = text.plist.strings; name = se; path = Resources/se.lproj/Localizable.strings; sourceTree = "<group>"; };
		3A16E24A154FF1B40029C11C /* icon.png */ = {isa = PBXFileReference; lastKnownFileType = image.png; name = icon.png; path = Resources/icons/icon.png; sourceTree = "<group>"; };
		3A16E24C154FF1B40029C11C /* icon@2x.png */ = {isa = PBXFileReference; lastKnownFileType = image.png; name = "icon@2x.png"; path = "Resources/icons/icon@2x.png"; sourceTree = "<group>"; };
		3A16E24E154FF1B40029C11C /* icon-72.png */ = {isa = PBXFileReference; lastKnownFileType = image.png; name = "icon-72.png"; path = "Resources/icons/icon-72.png"; sourceTree = "<group>"; };
		3A16E251154FF1B40029C11C /* Default.png */ = {isa = PBXFileReference; lastKnownFileType = image.png; name = Default.png; path = Resources/splash/Default.png; sourceTree = "<group>"; };
		3A16E253154FF1B40029C11C /* Default@2x.png */ = {isa = PBXFileReference; lastKnownFileType = image.png; name = "Default@2x.png"; path = "Resources/splash/Default@2x.png"; sourceTree = "<group>"; };
		3A16E255154FF1B40029C11C /* Capture.bundle */ = {isa = PBXFileReference; lastKnownFileType = "wrapper.plug-in"; name = Capture.bundle; path = Resources/Capture.bundle; sourceTree = "<group>"; };
		3A16E257154FF1B40029C11C /* Cordova.plist */ = {isa = PBXFileReference; lastKnownFileType = text.plist.xml; path = Cordova.plist; sourceTree = "<group>"; };
		3A16E25A154FF1B40029C11C /* AppDelegate.h */ = {isa = PBXFileReference; lastKnownFileType = sourcecode.c.h; name = AppDelegate.h; path = Classes/AppDelegate.h; sourceTree = "<group>"; };
		3A16E25B154FF1B40029C11C /* AppDelegate.m */ = {isa = PBXFileReference; lastKnownFileType = sourcecode.c.objc; name = AppDelegate.m; path = Classes/AppDelegate.m; sourceTree = "<group>"; };
		3A16E25D154FF1B40029C11C /* MainViewController.h */ = {isa = PBXFileReference; lastKnownFileType = sourcecode.c.h; name = MainViewController.h; path = Classes/MainViewController.h; sourceTree = "<group>"; };
		3A16E25E154FF1B40029C11C /* MainViewController.m */ = {isa = PBXFileReference; lastKnownFileType = sourcecode.c.objc; name = MainViewController.m; path = Classes/MainViewController.m; sourceTree = "<group>"; };
		3A16E260154FF1B40029C11C /* MainViewController.xib */ = {isa = PBXFileReference; lastKnownFileType = file.xib; name = MainViewController.xib; path = Classes/MainViewController.xib; sourceTree = "<group>"; };
		3A16E263154FF1B40029C11C /* README */ = {isa = PBXFileReference; lastKnownFileType = text; name = README; path = Plugins/README; sourceTree = "<group>"; };
		3A16E264154FF1B40029C11C /* verify.sh */ = {isa = PBXFileReference; lastKnownFileType = text.script.sh; path = verify.sh; sourceTree = "<group>"; };
		3A16E26B154FF2070029C11C /* www */ = {isa = PBXFileReference; lastKnownFileType = folder; path = www; sourceTree = "<group>"; };
/* End PBXFileReference section */

/* Begin PBXFrameworksBuildPhase section */
		3A16E209154FF1B30029C11C /* Frameworks */ = {
			isa = PBXFrameworksBuildPhase;
			buildActionMask = 2147483647;
			files = (
				3A16E214154FF1B30029C11C /* Foundation.framework in Frameworks */,
				3A16E216154FF1B30029C11C /* UIKit.framework in Frameworks */,
				3A16E218154FF1B30029C11C /* CoreGraphics.framework in Frameworks */,
				3A16E21A154FF1B30029C11C /* AddressBook.framework in Frameworks */,
				3A16E21C154FF1B30029C11C /* AddressBookUI.framework in Frameworks */,
				3A16E21E154FF1B30029C11C /* AudioToolbox.framework in Frameworks */,
				3A16E220154FF1B30029C11C /* AVFoundation.framework in Frameworks */,
				3A16E222154FF1B30029C11C /* CoreLocation.framework in Frameworks */,
				3A16E224154FF1B30029C11C /* MediaPlayer.framework in Frameworks */,
				3A16E226154FF1B30029C11C /* QuartzCore.framework in Frameworks */,
				3A16E228154FF1B30029C11C /* SystemConfiguration.framework in Frameworks */,
				3A16E22A154FF1B30029C11C /* MobileCoreServices.framework in Frameworks */,
				3A16E22C154FF1B30029C11C /* CoreMedia.framework in Frameworks */,
				3A16E237154FF1B30029C11C /* Cordova.framework in Frameworks */,
			);
			runOnlyForDeploymentPostprocessing = 0;
		};
		3A16E20C154FF1B30029C11C /* Frameworks */ = {
			isa = PBXFrameworksBuildPhase;
			buildActionMask = 2147483647;
			files = (
			);
			runOnlyForDeploymentPostprocessing = 0;
		};
/* End PBXFrameworksBuildPhase section */

/* Begin PBXGroup section */
		3A16E201154FF1B30029C11C = {
			isa = PBXGroup;
			children = (
				3A16E26B154FF2070029C11C /* www */,
				3A16E22D154FF1B30029C11C /* KitchenSink */,
				3A16E212154FF1B30029C11C /* Frameworks */,
				3A16E210154FF1B30029C11C /* Products */,
			);
			sourceTree = "<group>";
		};
		3A16E210154FF1B30029C11C /* Products */ = {
			isa = PBXGroup;
			children = (
				3A16E20F154FF1B30029C11C /* KitchenSink.app */,
			);
			name = Products;
			sourceTree = "<group>";
		};
		3A16E212154FF1B30029C11C /* Frameworks */ = {
			isa = PBXGroup;
			children = (
				3A16E213154FF1B30029C11C /* Foundation.framework */,
				3A16E215154FF1B30029C11C /* UIKit.framework */,
				3A16E217154FF1B30029C11C /* CoreGraphics.framework */,
				3A16E219154FF1B30029C11C /* AddressBook.framework */,
				3A16E21B154FF1B30029C11C /* AddressBookUI.framework */,
				3A16E21D154FF1B30029C11C /* AudioToolbox.framework */,
				3A16E21F154FF1B30029C11C /* AVFoundation.framework */,
				3A16E221154FF1B30029C11C /* CoreLocation.framework */,
				3A16E223154FF1B30029C11C /* MediaPlayer.framework */,
				3A16E225154FF1B30029C11C /* QuartzCore.framework */,
				3A16E227154FF1B30029C11C /* SystemConfiguration.framework */,
				3A16E229154FF1B30029C11C /* MobileCoreServices.framework */,
				3A16E22B154FF1B30029C11C /* CoreMedia.framework */,
			);
			name = Frameworks;
			sourceTree = "<group>";
		};
		3A16E22D154FF1B30029C11C /* KitchenSink */ = {
			isa = PBXGroup;
			children = (
				3A16E236154FF1B30029C11C /* Cordova.framework */,
				3A16E238154FF1B30029C11C /* Resources */,
				3A16E259154FF1B40029C11C /* Classes */,
				3A16E262154FF1B40029C11C /* Plugins */,
				3A16E22E154FF1B30029C11C /* Supporting Files */,
			);
			path = KitchenSink;
			sourceTree = "<group>";
		};
		3A16E22E154FF1B30029C11C /* Supporting Files */ = {
			isa = PBXGroup;
			children = (
				3A16E22F154FF1B30029C11C /* KitchenSink-Info.plist */,
				3A16E230154FF1B30029C11C /* InfoPlist.strings */,
				3A16E233154FF1B30029C11C /* main.m */,
				3A16E235154FF1B30029C11C /* KitchenSink-Prefix.pch */,
				3A16E257154FF1B40029C11C /* Cordova.plist */,
				3A16E260154FF1B40029C11C /* MainViewController.xib */,
				3A16E264154FF1B40029C11C /* verify.sh */,
			);
			name = "Supporting Files";
			sourceTree = "<group>";
		};
		3A16E238154FF1B30029C11C /* Resources */ = {
			isa = PBXGroup;
			children = (
				3A16E255154FF1B40029C11C /* Capture.bundle */,
				3A16E239154FF1B30029C11C /* en.lproj */,
				3A16E23D154FF1B30029C11C /* es.lproj */,
				3A16E241154FF1B30029C11C /* de.lproj */,
				3A16E245154FF1B30029C11C /* se.lproj */,
				3A16E249154FF1B30029C11C /* icons */,
				3A16E250154FF1B40029C11C /* splash */,
			);
			name = Resources;
			sourceTree = "<group>";
		};
		3A16E239154FF1B30029C11C /* en.lproj */ = {
			isa = PBXGroup;
			children = (
				3A16E23A154FF1B30029C11C /* Localizable.strings */,
			);
			name = en.lproj;
			sourceTree = "<group>";
		};
		3A16E23D154FF1B30029C11C /* es.lproj */ = {
			isa = PBXGroup;
			children = (
				3A16E23E154FF1B30029C11C /* Localizable.strings */,
			);
			name = es.lproj;
			sourceTree = "<group>";
		};
		3A16E241154FF1B30029C11C /* de.lproj */ = {
			isa = PBXGroup;
			children = (
				3A16E242154FF1B30029C11C /* Localizable.strings */,
			);
			name = de.lproj;
			sourceTree = "<group>";
		};
		3A16E245154FF1B30029C11C /* se.lproj */ = {
			isa = PBXGroup;
			children = (
				3A16E246154FF1B30029C11C /* Localizable.strings */,
			);
			name = se.lproj;
			sourceTree = "<group>";
		};
		3A16E249154FF1B30029C11C /* icons */ = {
			isa = PBXGroup;
			children = (
				3A16E24A154FF1B40029C11C /* icon.png */,
				3A16E24C154FF1B40029C11C /* icon@2x.png */,
				3A16E24E154FF1B40029C11C /* icon-72.png */,
			);
			name = icons;
			sourceTree = "<group>";
		};
		3A16E250154FF1B40029C11C /* splash */ = {
			isa = PBXGroup;
			children = (
				3A16E251154FF1B40029C11C /* Default.png */,
				3A16E253154FF1B40029C11C /* Default@2x.png */,
			);
			name = splash;
			sourceTree = "<group>";
		};
		3A16E259154FF1B40029C11C /* Classes */ = {
			isa = PBXGroup;
			children = (
				3A16E25A154FF1B40029C11C /* AppDelegate.h */,
				3A16E25B154FF1B40029C11C /* AppDelegate.m */,
				3A16E25D154FF1B40029C11C /* MainViewController.h */,
				3A16E25E154FF1B40029C11C /* MainViewController.m */,
			);
			name = Classes;
			sourceTree = "<group>";
		};
		3A16E262154FF1B40029C11C /* Plugins */ = {
			isa = PBXGroup;
			children = (
				3A16E263154FF1B40029C11C /* README */,
			);
			name = Plugins;
			sourceTree = "<group>";
		};
/* End PBXGroup section */

/* Begin PBXNativeTarget section */
		3A16E20E154FF1B30029C11C /* KitchenSink */ = {
			isa = PBXNativeTarget;
			buildConfigurationList = 3A16E268154FF1B40029C11C /* Build configuration list for PBXNativeTarget "KitchenSink" */;
			buildPhases = (
				3A16E208154FF1B30029C11C /* Sources */,
				3A16E209154FF1B30029C11C /* Frameworks */,
				3A16E20A154FF1B30029C11C /* Resources */,
				3A16E20B154FF1B30029C11C /* Sources */,
				3A16E20C154FF1B30029C11C /* Frameworks */,
				3A16E20D154FF1B30029C11C /* ShellScript */,
			);
			buildRules = (
			);
			dependencies = (
			);
			name = KitchenSink;
			productName = KitchenSink;
			productReference = 3A16E20F154FF1B30029C11C /* KitchenSink.app */;
			productType = "com.apple.product-type.application";
		};
/* End PBXNativeTarget section */

/* Begin PBXProject section */
		3A16E203154FF1B30029C11C /* Project object */ = {
			isa = PBXProject;
			attributes = {
				LastUpgradeCheck = 0430;
				ORGANIZATIONNAME = "akosma software";
			};
			buildConfigurationList = 3A16E206154FF1B30029C11C /* Build configuration list for PBXProject "KitchenSink" */;
			compatibilityVersion = "Xcode 3.2";
			developmentRegion = English;
			hasScannedForEncodings = 0;
			knownRegions = (
				en,
				es,
				de,
				se,
			);
			mainGroup = 3A16E201154FF1B30029C11C;
			productRefGroup = 3A16E210154FF1B30029C11C /* Products */;
			projectDirPath = "";
			projectRoot = "";
			targets = (
				3A16E20E154FF1B30029C11C /* KitchenSink */,
			);
		};
/* End PBXProject section */

/* Begin PBXResourcesBuildPhase section */
		3A16E20A154FF1B30029C11C /* Resources */ = {
			isa = PBXResourcesBuildPhase;
			buildActionMask = 2147483647;
			files = (
				3A16E232154FF1B30029C11C /* InfoPlist.strings in Resources */,
				3A16E23C154FF1B30029C11C /* Localizable.strings in Resources */,
				3A16E240154FF1B30029C11C /* Localizable.strings in Resources */,
				3A16E244154FF1B30029C11C /* Localizable.strings in Resources */,
				3A16E248154FF1B30029C11C /* Localizable.strings in Resources */,
				3A16E24B154FF1B40029C11C /* icon.png in Resources */,
				3A16E24D154FF1B40029C11C /* icon@2x.png in Resources */,
				3A16E24F154FF1B40029C11C /* icon-72.png in Resources */,
				3A16E252154FF1B40029C11C /* Default.png in Resources */,
				3A16E254154FF1B40029C11C /* Default@2x.png in Resources */,
				3A16E256154FF1B40029C11C /* Capture.bundle in Resources */,
				3A16E258154FF1B40029C11C /* Cordova.plist in Resources */,
				3A16E261154FF1B40029C11C /* MainViewController.xib in Resources */,
				3A16E265154FF1B40029C11C /* verify.sh in Resources */,
				3A16E26C154FF2070029C11C /* www in Resources */,
			);
			runOnlyForDeploymentPostprocessing = 0;
		};
/* End PBXResourcesBuildPhase section */

/* Begin PBXShellScriptBuildPhase section */
		3A16E20D154FF1B30029C11C /* ShellScript */ = {
			isa = PBXShellScriptBuildPhase;
			buildActionMask = 2147483647;
			files = (
			);
			inputPaths = (
			);
			outputPaths = (
			);
			runOnlyForDeploymentPostprocessing = 0;
			shellPath = /bin/bash;
			shellScript = "\n\t\t\t\t\t\t\t\tchmod 755 \"$PROJECT_DIR/$PROJECT_NAME/verify.sh\"\n\t\t\t\t\t\t\t\t\"$PROJECT_DIR/$PROJECT_NAME/verify.sh\"\n\t\t\t\t\t";
		};
/* End PBXShellScriptBuildPhase section */

/* Begin PBXSourcesBuildPhase section */
		3A16E208154FF1B30029C11C /* Sources */ = {
			isa = PBXSourcesBuildPhase;
			buildActionMask = 2147483647;
			files = (
				3A16E234154FF1B30029C11C /* main.m in Sources */,
				3A16E25C154FF1B40029C11C /* AppDelegate.m in Sources */,
				3A16E25F154FF1B40029C11C /* MainViewController.m in Sources */,
			);
			runOnlyForDeploymentPostprocessing = 0;
		};
		3A16E20B154FF1B30029C11C /* Sources */ = {
			isa = PBXSourcesBuildPhase;
			buildActionMask = 2147483647;
			files = (
			);
			runOnlyForDeploymentPostprocessing = 0;
		};
/* End PBXSourcesBuildPhase section */

/* Begin PBXVariantGroup section */
		3A16E230154FF1B30029C11C /* InfoPlist.strings */ = {
			isa = PBXVariantGroup;
			children = (
				3A16E231154FF1B30029C11C /* en */,
			);
			name = InfoPlist.strings;
			sourceTree = "<group>";
		};
		3A16E23A154FF1B30029C11C /* Localizable.strings */ = {
			isa = PBXVariantGroup;
			children = (
				3A16E23B154FF1B30029C11C /* en */,
			);
			name = Localizable.strings;
			sourceTree = "<group>";
		};
		3A16E23E154FF1B30029C11C /* Localizable.strings */ = {
			isa = PBXVariantGroup;
			children = (
				3A16E23F154FF1B30029C11C /* es */,
			);
			name = Localizable.strings;
			sourceTree = "<group>";
		};
		3A16E242154FF1B30029C11C /* Localizable.strings */ = {
			isa = PBXVariantGroup;
			children = (
				3A16E243154FF1B30029C11C /* de */,
			);
			name = Localizable.strings;
			sourceTree = "<group>";
		};
		3A16E246154FF1B30029C11C /* Localizable.strings */ = {
			isa = PBXVariantGroup;
			children = (
				3A16E247154FF1B30029C11C /* se */,
			);
			name = Localizable.strings;
			sourceTree = "<group>";
		};
/* End PBXVariantGroup section */

/* Begin XCBuildConfiguration section */
		3A16E266154FF1B40029C11C /* Debug */ = {
			isa = XCBuildConfiguration;
			buildSettings = {
				ALWAYS_SEARCH_USER_PATHS = NO;
				ARCHS = (
					armv6,
					"$(ARCHS_STANDARD_32_BIT)",
				);
				"CODE_SIGN_IDENTITY[sdk=iphoneos*]" = "iPhone Developer";
				COPY_PHASE_STRIP = NO;
				GCC_C_LANGUAGE_STANDARD = gnu99;
				GCC_DYNAMIC_NO_PIC = NO;
				GCC_OPTIMIZATION_LEVEL = 0;
				GCC_PREPROCESSOR_DEFINITIONS = (
					"DEBUG=1",
					"$(inherited)",
				);
				GCC_SYMBOLS_PRIVATE_EXTERN = NO;
				GCC_VERSION = com.apple.compilers.llvm.clang.1_0;
				GCC_WARN_ABOUT_RETURN_TYPE = YES;
				GCC_WARN_UNINITIALIZED_AUTOS = YES;
				GCC_WARN_UNUSED_VARIABLE = YES;
				IPHONEOS_DEPLOYMENT_TARGET = 3.0;
				SDKROOT = iphoneos;
			};
			name = Debug;
		};
		3A16E267154FF1B40029C11C /* Release */ = {
			isa = XCBuildConfiguration;
			buildSettings = {
				ALWAYS_SEARCH_USER_PATHS = NO;
				ARCHS = (
					armv6,
					"$(ARCHS_STANDARD_32_BIT)",
				);
				"CODE_SIGN_IDENTITY[sdk=iphoneos*]" = "iPhone Developer";
				COPY_PHASE_STRIP = YES;
				GCC_C_LANGUAGE_STANDARD = gnu99;
				GCC_VERSION = com.apple.compilers.llvm.clang.1_0;
				GCC_WARN_ABOUT_RETURN_TYPE = YES;
				GCC_WARN_UNINITIALIZED_AUTOS = YES;
				GCC_WARN_UNUSED_VARIABLE = YES;
				IPHONEOS_DEPLOYMENT_TARGET = 3.0;
				SDKROOT = iphoneos;
				VALIDATE_PRODUCT = YES;
			};
			name = Release;
		};
		3A16E269154FF1B40029C11C /* Debug */ = {
			isa = XCBuildConfiguration;
			buildSettings = {
				ALWAYS_SEARCH_USER_PATHS = YES;
				COPY_PHASE_STRIP = NO;
				FRAMEWORK_SEARCH_PATHS = /Users/Shared/Cordova/Frameworks;
				GCC_DYNAMIC_NO_PIC = NO;
				GCC_PRECOMPILE_PREFIX_HEADER = YES;
				GCC_PREFIX_HEADER = "KitchenSink/KitchenSink-Prefix.pch";
				GCC_PREPROCESSOR_DEFINITIONS = (
					"DEBUG=1,",
					"CORDOVA_FRAMEWORK=1",
				);
				INFOPLIST_FILE = "KitchenSink/KitchenSink-Info.plist";
				OTHER_LDFLAGS = (
					"-weak_framework",
					UIKit,
					"-weak_framework",
					AVFoundation,
					"-weak_framework",
					CoreMedia,
					"-weak_library",
					/usr/lib/libSystem.B.dylib,
				);
				PRODUCT_NAME = "$(TARGET_NAME)";
				TARGETED_DEVICE_FAMILY = "1,2";
				WRAPPER_EXTENSION = app;
			};
			name = Debug;
		};
		3A16E26A154FF1B40029C11C /* Release */ = {
			isa = XCBuildConfiguration;
			buildSettings = {
				ALWAYS_SEARCH_USER_PATHS = YES;
				COPY_PHASE_STRIP = YES;
				DEBUG_INFORMATION_FORMAT = "dwarf-with-dsym";
				FRAMEWORK_SEARCH_PATHS = /Users/Shared/Cordova/Frameworks;
				GCC_PRECOMPILE_PREFIX_HEADER = YES;
				GCC_PREFIX_HEADER = "KitchenSink/KitchenSink-Prefix.pch";
				GCC_PREPROCESSOR_DEFINITIONS = (
					"NDEBUG=1,",
					"CORDOVA_FRAMEWORK=1",
				);
				INFOPLIST_FILE = "KitchenSink/KitchenSink-Info.plist";
				OTHER_LDFLAGS = (
					"-weak_framework",
					UIKit,
					"-weak_framework",
					AVFoundation,
					"-weak_framework",
					CoreMedia,
					"-weak_library",
					/usr/lib/libSystem.B.dylib,
				);
				PRODUCT_NAME = "$(TARGET_NAME)";
				TARGETED_DEVICE_FAMILY = "1,2";
				VALIDATE_PRODUCT = YES;
				WRAPPER_EXTENSION = app;
			};
			name = Release;
		};
/* End XCBuildConfiguration section */

/* Begin XCConfigurationList section */
		3A16E206154FF1B30029C11C /* Build configuration list for PBXProject "KitchenSink" */ = {
			isa = XCConfigurationList;
			buildConfigurations = (
				3A16E266154FF1B40029C11C /* Debug */,
				3A16E267154FF1B40029C11C /* Release */,
			);
			defaultConfigurationIsVisible = 0;
			defaultConfigurationName = Release;
		};
		3A16E268154FF1B40029C11C /* Build configuration list for PBXNativeTarget "KitchenSink" */ = {
			isa = XCConfigurationList;
			buildConfigurations = (
				3A16E269154FF1B40029C11C /* Debug */,
				3A16E26A154FF1B40029C11C /* Release */,
			);
			defaultConfigurationIsVisible = 0;
		};
/* End XCConfigurationList section */
	};
	rootObject = 3A16E203154FF1B30029C11C /* Project object */;
}
